
Microsoft Visual Studio Solution File, Format Version 12.00
# Visual Studio Version 17
VisualStudioVersion = 17.2.32616.157
MinimumVisualStudioVersion = 10.0.40219.1
Project("{2150E333-8FDC-42A3-9474-1A3956D46DE8}") = "1-Services", "1-Services", "{6855F5D3-9E0B-4DCC-AB51-23435224E3D0}"
EndProject
Project("{2150E333-8FDC-42A3-9474-1A3956D46DE8}") = "2-Application", "2-Application", "{7409D643-330D-408D-8613-23E62B2D3551}"
EndProject
Project("{2150E333-8FDC-42A3-9474-1A3956D46DE8}") = "3-Domain", "3-Domain", "{8D4CC8E9-403C-4475-B669-7B730653DB08}"
EndProject
Project("{2150E333-8FDC-42A3-9474-1A3956D46DE8}") = "4-Infra", "4-Infra", "{91AF6530-A2B6-41C3-9805-682F9A343632}"
EndProject
Project("{9A19103F-16F7-4668-BE54-9A1E7A4F7556}") = "API", "src\API\API.csproj", "{9C5FDD6F-F23A-4590-A060-BAF5853AC23E}"
EndProject
Project("{9A19103F-16F7-4668-BE54-9A1E7A4F7556}") = "Application", "src\Application\Application.csproj", "{01AF90CB-EE9B-4B17-BB18-2B76B769E958}"
EndProject
Project("{9A19103F-16F7-4668-BE54-9A1E7A4F7556}") = "Domain", "src\Domain\Domain.csproj", "{60AEDDA3-59B7-4DC5-A790-296C64C18DA7}"
EndProject
Project("{9A19103F-16F7-4668-BE54-9A1E7A4F7556}") = "Domain.core", "src\Domain.core\Domain.core.csproj", "{798A0537-AFB0-4259-B378-55C5F42D0D62}"
EndProject
Project("{9A19103F-16F7-4668-BE54-9A1E7A4F7556}") = "Infra", "src\Infra\Infra.csproj", "{1D29BAE3-445B-4955-AAE6-EBACD33B32A4}"
EndProject
Global
	GlobalSection(SolutionConfigurationPlatforms) = preSolution
		Debug|Any CPU = Debug|Any CPU
		Release|Any CPU = Release|Any CPU
	EndGlobalSection
	GlobalSection(ProjectConfigurationPlatforms) = postSolution
		{9C5FDD6F-F23A-4590-A060-BAF5853AC23E}.Debug|Any CPU.ActiveCfg = Debug|Any CPU
		{9C5FDD6F-F23A-4590-A060-BAF5853AC23E}.Debug|Any CPU.Build.0 = Debug|Any CPU
		{9C5FDD6F-F23A-4590-A060-BAF5853AC23E}.Release|Any CPU.ActiveCfg = Release|Any CPU
		{9C5FDD6F-F23A-4590-A060-BAF5853AC23E}.Release|Any CPU.Build.0 = Release|Any CPU
		{01AF90CB-EE9B-4B17-BB18-2B76B769E958}.Debug|Any CPU.ActiveCfg = Debug|Any CPU
		{01AF90CB-EE9B-4B17-BB18-2B76B769E958}.Debug|Any CPU.Build.0 = Debug|Any CPU
		{01AF90CB-EE9B-4B17-BB18-2B76B769E958}.Release|Any CPU.ActiveCfg = Release|Any CPU
		{01AF90CB-EE9B-4B17-BB18-2B76B769E958}.Release|Any CPU.Build.0 = Release|Any CPU
		{60AEDDA3-59B7-4DC5-A790-296C64C18DA7}.Debug|Any CPU.ActiveCfg = Debug|Any CPU
		{60AEDDA3-59B7-4DC5-A790-296C64C18DA7}.Debug|Any CPU.Build.0 = Debug|Any CPU
		{60AEDDA3-59B7-4DC5-A790-296C64C18DA7}.Release|Any CPU.ActiveCfg = Release|Any CPU
		{60AEDDA3-59B7-4DC5-A790-296C64C18DA7}.Release|Any CPU.Build.0 = Release|Any CPU
		{798A0537-AFB0-4259-B378-55C5F42D0D62}.Debug|Any CPU.ActiveCfg = Debug|Any CPU
		{798A0537-AFB0-4259-B378-55C5F42D0D62}.Debug|Any CPU.Build.0 = Debug|Any CPU
		{798A0537-AFB0-4259-B378-55C5F42D0D62}.Release|Any CPU.ActiveCfg = Release|Any CPU
		{798A0537-AFB0-4259-B378-55C5F42D0D62}.Release|Any CPU.Build.0 = Release|Any CPU
		{1D29BAE3-445B-4955-AAE6-EBACD33B32A4}.Debug|Any CPU.ActiveCfg = Debug|Any CPU
		{1D29BAE3-445B-4955-AAE6-EBACD33B32A4}.Debug|Any CPU.Build.0 = Debug|Any CPU
		{1D29BAE3-445B-4955-AAE6-EBACD33B32A4}.Release|Any CPU.ActiveCfg = Release|Any CPU
		{1D29BAE3-445B-4955-AAE6-EBACD33B32A4}.Release|Any CPU.Build.0 = Release|Any CPU
	EndGlobalSection
	GlobalSection(SolutionProperties) = preSolution
		HideSolutionNode = FALSE
	EndGlobalSection
	GlobalSection(NestedProjects) = preSolution
		{9C5FDD6F-F23A-4590-A060-BAF5853AC23E} = {6855F5D3-9E0B-4DCC-AB51-23435224E3D0}
		{01AF90CB-EE9B-4B17-BB18-2B76B769E958} = {7409D643-330D-408D-8613-23E62B2D3551}
		{60AEDDA3-59B7-4DC5-A790-296C64C18DA7} = {8D4CC8E9-403C-4475-B669-7B730653DB08}
		{798A0537-AFB0-4259-B378-55C5F42D0D62} = {8D4CC8E9-403C-4475-B669-7B730653DB08}
		{1D29BAE3-445B-4955-AAE6-EBACD33B32A4} = {91AF6530-A2B6-41C3-9805-682F9A343632}
	EndGlobalSection
	GlobalSection(ExtensibilityGlobals) = postSolution
		SolutionGuid = {1717406D-EC5B-48CE-9F6D-0FD052FE97D3}
	EndGlobalSection
EndGlobal
